
Microsoft Visual Studio Solution File, Format Version 12.00
# Visual Studio Version 17
VisualStudioVersion = 17.13.35919.96 d17.13
MinimumVisualStudioVersion = 10.0.40219.1
Project("{FAE04EC0-301F-11D3-BF4B-00C04F79EFBC}") = "SzeregowaAvalonia", "SzeregowaAvalonia\SzeregowaAvalonia.csproj", "{94823AAE-70A3-B0C0-2C60-6D4DE0403DA0}"
EndProject
Project("{FAE04EC0-301F-11D3-BF4B-00C04F79EFBC}") = "SzeregowaAvalonia.Desktop", "SzeregowaAvalonia.Desktop\SzeregowaAvalonia.Desktop.csproj", "{417A44EE-53D7-6C20-B7A0-F4266A6AF327}"
EndProject
Global
	GlobalSection(SolutionConfigurationPlatforms) = preSolution
		Debug|Any CPU = Debug|Any CPU
		Release|Any CPU = Release|Any CPU
	EndGlobalSection
	GlobalSection(ProjectConfigurationPlatforms) = postSolution
		{94823AAE-70A3-B0C0-2C60-6D4DE0403DA0}.Debug|Any CPU.ActiveCfg = Debug|Any CPU
		{94823AAE-70A3-B0C0-2C60-6D4DE0403DA0}.Debug|Any CPU.Build.0 = Debug|Any CPU
		{94823AAE-70A3-B0C0-2C60-6D4DE0403DA0}.Release|Any CPU.ActiveCfg = Release|Any CPU
		{94823AAE-70A3-B0C0-2C60-6D4DE0403DA0}.Release|Any CPU.Build.0 = Release|Any CPU
		{417A44EE-53D7-6C20-B7A0-F4266A6AF327}.Debug|Any CPU.ActiveCfg = Debug|Any CPU
		{417A44EE-53D7-6C20-B7A0-F4266A6AF327}.Debug|Any CPU.Build.0 = Debug|Any CPU
		{417A44EE-53D7-6C20-B7A0-F4266A6AF327}.Release|Any CPU.ActiveCfg = Release|Any CPU
		{417A44EE-53D7-6C20-B7A0-F4266A6AF327}.Release|Any CPU.Build.0 = Release|Any CPU
	EndGlobalSection
	GlobalSection(SolutionProperties) = preSolution
		HideSolutionNode = FALSE
	EndGlobalSection
	GlobalSection(ExtensibilityGlobals) = postSolution
		SolutionGuid = {1352324C-AB17-4D30-8E4C-08AB64E89769}
	EndGlobalSection
EndGlobal
